
Microsoft Visual Studio Solution File, Format Version 12.00
# Visual Studio Version 16
VisualStudioVersion = 25.0.1706.0
MinimumVisualStudioVersion = 10.0.40219.1
Project("{FAE04EC0-301F-11D3-BF4B-00C04F79EFBC}") = "RunGroupWebApp1", "RunGroupWebApp1\RunGroupWebApp1.csproj", "{8B43A9E5-AF95-4A49-A537-38355FC7FE91}"
EndProject
Global
	GlobalSection(SolutionConfigurationPlatforms) = preSolution
		Debug|Any CPU = Debug|Any CPU
		Release|Any CPU = Release|Any CPU
	EndGlobalSection
	GlobalSection(ProjectConfigurationPlatforms) = postSolution
		{8B43A9E5-AF95-4A49-A537-38355FC7FE91}.Debug|Any CPU.ActiveCfg = Debug|Any CPU
		{8B43A9E5-AF95-4A49-A537-38355FC7FE91}.Debug|Any CPU.Build.0 = Debug|Any CPU
		{8B43A9E5-AF95-4A49-A537-38355FC7FE91}.Release|Any CPU.ActiveCfg = Release|Any CPU
		{8B43A9E5-AF95-4A49-A537-38355FC7FE91}.Release|Any CPU.Build.0 = Release|Any CPU
	EndGlobalSection
	GlobalSection(SolutionProperties) = preSolution
		HideSolutionNode = FALSE
	EndGlobalSection
	GlobalSection(ExtensibilityGlobals) = postSolution
		SolutionGuid = {5100683F-57A1-40B1-AEDE-83BF2B208CB3}
	EndGlobalSection
EndGlobal
